// !$*UTF8*$!
{
	archiveVersion = 1;
	classes = {
	};
	objectVersion = 46;
	objects = {

/* Begin PBXBuildFile section */
		131EFA921CDF0F470089A26A /* AppDelegate.swift in Sources */ = {isa = PBXBuildFile; fileRef = 131EFA911CDF0F470089A26A /* AppDelegate.swift */; };
		131EFA941CDF0F470089A26A /* ViewController.swift in Sources */ = {isa = PBXBuildFile; fileRef = 131EFA931CDF0F470089A26A /* ViewController.swift */; };
		131EFA971CDF0F470089A26A /* Main.storyboard in Resources */ = {isa = PBXBuildFile; fileRef = 131EFA951CDF0F470089A26A /* Main.storyboard */; };
		131EFA991CDF0F470089A26A /* Assets.xcassets in Resources */ = {isa = PBXBuildFile; fileRef = 131EFA981CDF0F470089A26A /* Assets.xcassets */; };
		131EFA9C1CDF0F470089A26A /* LaunchScreen.storyboard in Resources */ = {isa = PBXBuildFile; fileRef = 131EFA9A1CDF0F470089A26A /* LaunchScreen.storyboard */; };
		131EFAA41CDFCD050089A26A /* Minecraft.ttf in Resources */ = {isa = PBXBuildFile; fileRef = 131EFAA31CDFCD050089A26A /* Minecraft.ttf */; };
		131EFAA61CDFD2340089A26A /* btn.wav in Resources */ = {isa = PBXBuildFile; fileRef = 131EFAA51CDFD2340089A26A /* btn.wav */; };
/* End PBXBuildFile section */

/* Begin PBXFileReference section */
		131EFA8E1CDF0F460089A26A /* Retro Calculator.app */ = {isa = PBXFileReference; explicitFileType = wrapper.application; includeInIndex = 0; path = "Retro Calculator.app"; sourceTree = BUILT_PRODUCTS_DIR; };
		131EFA911CDF0F470089A26A /* AppDelegate.swift */ = {isa = PBXFileReference; lastKnownFileType = sourcecode.swift; path = AppDelegate.swift; sourceTree = "<group>"; };
		131EFA931CDF0F470089A26A /* ViewController.swift */ = {isa = PBXFileReference; lastKnownFileType = sourcecode.swift; path = ViewController.swift; sourceTree = "<group>"; };
		131EFA961CDF0F470089A26A /* Base */ = {isa = PBXFileReference; lastKnownFileType = file.storyboard; name = Base; path = Base.lproj/Main.storyboard; sourceTree = "<group>"; };
		131EFA981CDF0F470089A26A /* Assets.xcassets */ = {isa = PBXFileReference; lastKnownFileType = folder.assetcatalog; path = Assets.xcassets; sourceTree = "<group>"; };
		131EFA9B1CDF0F470089A26A /* Base */ = {isa = PBXFileReference; lastKnownFileType = file.storyboard; name = Base; path = Base.lproj/LaunchScreen.storyboard; sourceTree = "<group>"; };
		131EFA9D1CDF0F470089A26A /* Info.plist */ = {isa = PBXFileReference; lastKnownFileType = text.plist.xml; path = Info.plist; sourceTree = "<group>"; };
		131EFAA31CDFCD050089A26A /* Minecraft.ttf */ = {isa = PBXFileReference; lastKnownFileType = file; path = Minecraft.ttf; sourceTree = "<group>"; };
		131EFAA51CDFD2340089A26A /* btn.wav */ = {isa = PBXFileReference; lastKnownFileType = audio.wav; path = btn.wav; sourceTree = "<group>"; };
/* End PBXFileReference section */

/* Begin PBXFrameworksBuildPhase section */
		131EFA8B1CDF0F460089A26A /* Frameworks */ = {
			isa = PBXFrameworksBuildPhase;
			buildActionMask = 2147483647;
			files = (
			);
			runOnlyForDeploymentPostprocessing = 0;
		};
/* End PBXFrameworksBuildPhase section */

/* Begin PBXGroup section */
		131EFA851CDF0F460089A26A = {
			isa = PBXGroup;
			children = (
				131EFA901CDF0F470089A26A /* Retro Calculator */,
				131EFA8F1CDF0F460089A26A /* Products */,
			);
			sourceTree = "<group>";
		};
		131EFA8F1CDF0F460089A26A /* Products */ = {
			isa = PBXGroup;
			children = (
				131EFA8E1CDF0F460089A26A /* Retro Calculator.app */,
			);
			name = Products;
			sourceTree = "<group>";
		};
		131EFA901CDF0F470089A26A /* Retro Calculator */ = {
			isa = PBXGroup;
			children = (
				131EFAA31CDFCD050089A26A /* Minecraft.ttf */,
				131EFAA51CDFD2340089A26A /* btn.wav */,
				131EFA911CDF0F470089A26A /* AppDelegate.swift */,
				131EFA931CDF0F470089A26A /* ViewController.swift */,
				131EFA951CDF0F470089A26A /* Main.storyboard */,
				131EFA981CDF0F470089A26A /* Assets.xcassets */,
				131EFA9A1CDF0F470089A26A /* LaunchScreen.storyboard */,
				131EFA9D1CDF0F470089A26A /* Info.plist */,
			);
			path = "Retro Calculator";
			sourceTree = "<group>";
		};
/* End PBXGroup section */

/* Begin PBXNativeTarget section */
		131EFA8D1CDF0F460089A26A /* Retro Calculator */ = {
			isa = PBXNativeTarget;
			buildConfigurationList = 131EFAA01CDF0F470089A26A /* Build configuration list for PBXNativeTarget "Retro Calculator" */;
			buildPhases = (
				131EFA8A1CDF0F460089A26A /* Sources */,
				131EFA8B1CDF0F460089A26A /* Frameworks */,
				131EFA8C1CDF0F460089A26A /* Resources */,
			);
			buildRules = (
			);
			dependencies = (
			);
			name = "Retro Calculator";
			productName = "Retro Calculator";
			productReference = 131EFA8E1CDF0F460089A26A /* Retro Calculator.app */;
			productType = "com.apple.product-type.application";
		};
/* End PBXNativeTarget section */

/* Begin PBXProject section */
		131EFA861CDF0F460089A26A /* Project object */ = {
			isa = PBXProject;
			attributes = {
				LastSwiftUpdateCheck = 0730;
				LastUpgradeCheck = 0730;
				ORGANIZATIONNAME = "Jason McCoy";
				TargetAttributes = {
					131EFA8D1CDF0F460089A26A = {
						CreatedOnToolsVersion = 7.3.1;
					};
				};
			};
			buildConfigurationList = 131EFA891CDF0F460089A26A /* Build configuration list for PBXProject "Retro Calculator" */;
			compatibilityVersion = "Xcode 3.2";
			developmentRegion = English;
			hasScannedForEncodings = 0;
			knownRegions = (
				en,
				Base,
			);
			mainGroup = 131EFA851CDF0F460089A26A;
			productRefGroup = 131EFA8F1CDF0F460089A26A /* Products */;
			projectDirPath = "";
			projectRoot = "";
			targets = (
				131EFA8D1CDF0F460089A26A /* Retro Calculator */,
			);
		};
/* End PBXProject section */

/* Begin PBXResourcesBuildPhase section */
		131EFA8C1CDF0F460089A26A /* Resources */ = {
			isa = PBXResourcesBuildPhase;
			buildActionMask = 2147483647;
			files = (
				131EFAA61CDFD2340089A26A /* btn.wav in Resources */,
				131EFA9C1CDF0F470089A26A /* LaunchScreen.storyboard in Resources */,
				131EFA991CDF0F470089A26A /* Assets.xcassets in Resources */,
				131EFAA41CDFCD050089A26A /* Minecraft.ttf in Resources */,
				131EFA971CDF0F470089A26A /* Main.storyboard in Resources */,
			);
			runOnlyForDeploymentPostprocessing = 0;
		};
/* End PBXResourcesBuildPhase section */

/* Begin PBXSourcesBuildPhase section */
		131EFA8A1CDF0F460089A26A /* Sources */ = {
			isa = PBXSourcesBuildPhase;
			buildActionMask = 2147483647;
			files = (
				131EFA941CDF0F470089A26A /* ViewController.swift in Sources */,
				131EFA921CDF0F470089A26A /* AppDelegate.swift in Sources */,
			);
			runOnlyForDeploymentPostprocessing = 0;
		};
/* End PBXSourcesBuildPhase section */

/* Begin PBXVariantGroup section */
		131EFA951CDF0F470089A26A /* Main.storyboard */ = {
			isa = PBXVariantGroup;
			children = (
				131EFA961CDF0F470089A26A /* Base */,
			);
			name = Main.storyboard;
			sourceTree = "<group>";
		};
		131EFA9A1CDF0F470089A26A /* LaunchScreen.storyboard */ = {
			isa = PBXVariantGroup;
			children = (
				131EFA9B1CDF0F470089A26A /* Base */,
			);
			name = LaunchScreen.storyboard;
			sourceTree = "<group>";
		};
/* End PBXVariantGroup section */

/* Begin XCBuildConfiguration section */
		131EFA9E1CDF0F470089A26A /* Debug */ = {
			isa = XCBuildConfiguration;
			buildSettings = {
				ALWAYS_SEARCH_USER_PATHS = NO;
				CLANG_ANALYZER_NONNULL = YES;
				CLANG_CXX_LANGUAGE_STANDARD = "gnu++0x";
				CLANG_CXX_LIBRARY = "libc++";
				CLANG_ENABLE_MODULES = YES;
				CLANG_ENABLE_OBJC_ARC = YES;
				CLANG_WARN_BOOL_CONVERSION = YES;
				CLANG_WARN_CONSTANT_CONVERSION = YES;
				CLANG_WARN_DIRECT_OBJC_ISA_USAGE = YES_ERROR;
				CLANG_WARN_EMPTY_BODY = YES;
				CLANG_WARN_ENUM_CONVERSION = YES;
				CLANG_WARN_INT_CONVERSION = YES;
				CLANG_WARN_OBJC_ROOT_CLASS = YES_ERROR;
				CLANG_WARN_UNREACHABLE_CODE = YES;
				CLANG_WARN__DUPLICATE_METHOD_MATCH = YES;
				"CODE_SIGN_IDENTITY[sdk=iphoneos*]" = "iPhone Developer";
				COPY_PHASE_STRIP = NO;
				DEBUG_INFORMATION_FORMAT = dwarf;
				ENABLE_STRICT_OBJC_MSGSEND = YES;
				ENABLE_TESTABILITY = YES;
				GCC_C_LANGUAGE_STANDARD = gnu99;
				GCC_DYNAMIC_NO_PIC = NO;
				GCC_NO_COMMON_BLOCKS = YES;
				GCC_OPTIMIZATION_LEVEL = 0;
				GCC_PREPROCESSOR_DEFINITIONS = (
					"DEBUG=1",
					"$(inherited)",
				);
				GCC_WARN_64_TO_32_BIT_CONVERSION = YES;
				GCC_WARN_ABOUT_RETURN_TYPE = YES_ERROR;
				GCC_WARN_UNDECLARED_SELECTOR = YES;
				GCC_WARN_UNINITIALIZED_AUTOS = YES_AGGRESSIVE;
				GCC_WARN_UNUSED_FUNCTION = YES;
				GCC_WARN_UNUSED_VARIABLE = YES;
				IPHONEOS_DEPLOYMENT_TARGET = 9.3;
				MTL_ENABLE_DEBUG_INFO = YES;
				ONLY_ACTIVE_ARCH = YES;
				SDKROOT = iphoneos;
				SWIFT_OPTIMIZATION_LEVEL = "-Onone";
				TARGETED_DEVICE_FAMILY = "1,2";
			};
			name = Debug;
		};
		131EFA9F1CDF0F470089A26A /* Release */ = {
			isa = XCBuildConfiguration;
			buildSettings = {
				ALWAYS_SEARCH_USER_PATHS = NO;
				CLANG_ANALYZER_NONNULL = YES;
				CLANG_CXX_LANGUAGE_STANDARD = "gnu++0x";
				CLANG_CXX_LIBRARY = "libc++";
				CLANG_ENABLE_MODULES = YES;
				CLANG_ENABLE_OBJC_ARC = YES;
				CLANG_WARN_BOOL_CONVERSION = YES;
				CLANG_WARN_CONSTANT_CONVERSION = YES;
				CLANG_WARN_DIRECT_OBJC_ISA_USAGE = YES_ERROR;
				CLANG_WARN_EMPTY_BODY = YES;
				CLANG_WARN_ENUM_CONVERSION = YES;
				CLANG_WARN_INT_CONVERSION = YES;
				CLANG_WARN_OBJC_ROOT_CLASS = YES_ERROR;
				CLANG_WARN_UNREACHABLE_CODE = YES;
				CLANG_WARN__DUPLICATE_METHOD_MATCH = YES;
				"CODE_SIGN_IDENTITY[sdk=iphoneos*]" = "iPhone Developer";
				COPY_PHASE_STRIP = NO;
				DEBUG_INFORMATION_FORMAT = "dwarf-with-dsym";
				ENABLE_NS_ASSERTIONS = NO;
				ENABLE_STRICT_OBJC_MSGSEND = YES;
				GCC_C_LANGUAGE_STANDARD = gnu99;
				GCC_NO_COMMON_BLOCKS = YES;
				GCC_WARN_64_TO_32_BIT_CONVERSION = YES;
				GCC_WARN_ABOUT_RETURN_TYPE = YES_ERROR;
				GCC_WARN_UNDECLARED_SELECTOR = YES;
				GCC_WARN_UNINITIALIZED_AUTOS = YES_AGGRESSIVE;
				GCC_WARN_UNUSED_FUNCTION = YES;
				GCC_WARN_UNUSED_VARIABLE = YES;
				IPHONEOS_DEPLOYMENT_TARGET = 9.3;
				MTL_ENABLE_DEBUG_INFO = NO;
				SDKROOT = iphoneos;
				TARGETED_DEVICE_FAMILY = "1,2";
				VALIDATE_PRODUCT = YES;
			};
			name = Release;
		};
		131EFAA11CDF0F470089A26A /* Debug */ = {
			isa = XCBuildConfiguration;
			buildSettings = {
				ASSETCATALOG_COMPILER_APPICON_NAME = AppIcon;
				INFOPLIST_FILE = "Retro Calculator/Info.plist";
				LD_RUNPATH_SEARCH_PATHS = "$(inherited) @executable_path/Frameworks";
				PRODUCT_BUNDLE_IDENTIFIER = "com.JasonMcCoy.Retro-Calculator";
				PRODUCT_NAME = "$(TARGET_NAME)";
			};
			name = Debug;
		};
		131EFAA21CDF0F470089A26A /* Release */ = {
			isa = XCBuildConfiguration;
			buildSettings = {
				ASSETCATALOG_COMPILER_APPICON_NAME = AppIcon;
				INFOPLIST_FILE = "Retro Calculator/Info.plist";
				LD_RUNPATH_SEARCH_PATHS = "$(inherited) @executable_path/Frameworks";
				PRODUCT_BUNDLE_IDENTIFIER = "com.JasonMcCoy.Retro-Calculator";
				PRODUCT_NAME = "$(TARGET_NAME)";
			};
			name = Release;
		};
/* End XCBuildConfiguration section */

/* Begin XCConfigurationList section */
		131EFA891CDF0F460089A26A /* Build configuration list for PBXProject "Retro Calculator" */ = {
			isa = XCConfigurationList;
			buildConfigurations = (
				131EFA9E1CDF0F470089A26A /* Debug */,
				131EFA9F1CDF0F470089A26A /* Release */,
			);
			defaultConfigurationIsVisible = 0;
			defaultConfigurationName = Release;
		};
		131EFAA01CDF0F470089A26A /* Build configuration list for PBXNativeTarget "Retro Calculator" */ = {
			isa = XCConfigurationList;
			buildConfigurations = (
				131EFAA11CDF0F470089A26A /* Debug */,
				131EFAA21CDF0F470089A26A /* Release */,
			);
			defaultConfigurationIsVisible = 0;
		};
/* End XCConfigurationList section */
	};
	rootObject = 131EFA861CDF0F460089A26A /* Project object */;
}
